
Microsoft Visual Studio Solution File, Format Version 12.00
# Visual Studio 15
VisualStudioVersion = 15.0.27428.2005
MinimumVisualStudioVersion = 10.0.40219.1
Project("{FAE04EC0-301F-11D3-BF4B-00C04F79EFBC}") = "TravelRecordApp.Android", "TravelRecordApp\TravelRecordApp.Android\TravelRecordApp.Android.csproj", "{CA902CA5-40EA-4831-BE86-D976554ACF87}"
EndProject
Project("{FAE04EC0-301F-11D3-BF4B-00C04F79EFBC}") = "TravelRecordApp.iOS", "TravelRecordApp\TravelRecordApp.iOS\TravelRecordApp.iOS.csproj", "{D2BB2862-57A7-41A9-BE7F-DBB2B5046213}"
EndProject
Project("{FAE04EC0-301F-11D3-BF4B-00C04F79EFBC}") = "TravelRecordApp.UWP", "TravelRecordApp\TravelRecordApp.UWP\TravelRecordApp.UWP.csproj", "{685BFC7E-1135-4CE9-A1C5-848DC7E3508F}"
EndProject
Project("{9A19103F-16F7-4668-BE54-9A1E7A4F7556}") = "TravelRecordApp", "TravelRecordApp\TravelRecordApp\TravelRecordApp.csproj", "{CD3923BA-5FF4-4B5B-AEDF-CEF6AF1A450B}"
EndProject
Global
	GlobalSection(SolutionConfigurationPlatforms) = preSolution
		Ad-Hoc|Any CPU = Ad-Hoc|Any CPU
		Ad-Hoc|ARM = Ad-Hoc|ARM
		Ad-Hoc|iPhone = Ad-Hoc|iPhone
		Ad-Hoc|iPhoneSimulator = Ad-Hoc|iPhoneSimulator
		Ad-Hoc|x64 = Ad-Hoc|x64
		Ad-Hoc|x86 = Ad-Hoc|x86
		AppStore|Any CPU = AppStore|Any CPU
		AppStore|ARM = AppStore|ARM
		AppStore|iPhone = AppStore|iPhone
		AppStore|iPhoneSimulator = AppStore|iPhoneSimulator
		AppStore|x64 = AppStore|x64
		AppStore|x86 = AppStore|x86
		Debug|Any CPU = Debug|Any CPU
		Debug|ARM = Debug|ARM
		Debug|iPhone = Debug|iPhone
		Debug|iPhoneSimulator = Debug|iPhoneSimulator
		Debug|x64 = Debug|x64
		Debug|x86 = Debug|x86
		Release|Any CPU = Release|Any CPU
		Release|ARM = Release|ARM
		Release|iPhone = Release|iPhone
		Release|iPhoneSimulator = Release|iPhoneSimulator
		Release|x64 = Release|x64
		Release|x86 = Release|x86
	EndGlobalSection
	GlobalSection(ProjectConfigurationPlatforms) = postSolution
		{CA902CA5-40EA-4831-BE86-D976554ACF87}.Ad-Hoc|Any CPU.ActiveCfg = Release|Any CPU
		{CA902CA5-40EA-4831-BE86-D976554ACF87}.Ad-Hoc|Any CPU.Build.0 = Release|Any CPU
		{CA902CA5-40EA-4831-BE86-D976554ACF87}.Ad-Hoc|Any CPU.Deploy.0 = Release|Any CPU
		{CA902CA5-40EA-4831-BE86-D976554ACF87}.Ad-Hoc|ARM.ActiveCfg = Release|Any CPU
		{CA902CA5-40EA-4831-BE86-D976554ACF87}.Ad-Hoc|ARM.Build.0 = Release|Any CPU
		{CA902CA5-40EA-4831-BE86-D976554ACF87}.Ad-Hoc|ARM.Deploy.0 = Release|Any CPU
		{CA902CA5-40EA-4831-BE86-D976554ACF87}.Ad-Hoc|iPhone.ActiveCfg = Release|Any CPU
		{CA902CA5-40EA-4831-BE86-D976554ACF87}.Ad-Hoc|iPhone.Build.0 = Release|Any CPU
		{CA902CA5-40EA-4831-BE86-D976554ACF87}.Ad-Hoc|iPhone.Deploy.0 = Release|Any CPU
		{CA902CA5-40EA-4831-BE86-D976554ACF87}.Ad-Hoc|iPhoneSimulator.ActiveCfg = Release|Any CPU
		{CA902CA5-40EA-4831-BE86-D976554ACF87}.Ad-Hoc|iPhoneSimulator.Build.0 = Release|Any CPU
		{CA902CA5-40EA-4831-BE86-D976554ACF87}.Ad-Hoc|iPhoneSimulator.Deploy.0 = Release|Any CPU
		{CA902CA5-40EA-4831-BE86-D976554ACF87}.Ad-Hoc|x64.ActiveCfg = Release|Any CPU
		{CA902CA5-40EA-4831-BE86-D976554ACF87}.Ad-Hoc|x64.Build.0 = Release|Any CPU
		{CA902CA5-40EA-4831-BE86-D976554ACF87}.Ad-Hoc|x64.Deploy.0 = Release|Any CPU
		{CA902CA5-40EA-4831-BE86-D976554ACF87}.Ad-Hoc|x86.ActiveCfg = Release|Any CPU
		{CA902CA5-40EA-4831-BE86-D976554ACF87}.Ad-Hoc|x86.Build.0 = Release|Any CPU
		{CA902CA5-40EA-4831-BE86-D976554ACF87}.Ad-Hoc|x86.Deploy.0 = Release|Any CPU
		{CA902CA5-40EA-4831-BE86-D976554ACF87}.AppStore|Any CPU.ActiveCfg = Release|Any CPU
		{CA902CA5-40EA-4831-BE86-D976554ACF87}.AppStore|Any CPU.Build.0 = Release|Any CPU
		{CA902CA5-40EA-4831-BE86-D976554ACF87}.AppStore|Any CPU.Deploy.0 = Release|Any CPU
		{CA902CA5-40EA-4831-BE86-D976554ACF87}.AppStore|ARM.ActiveCfg = Release|Any CPU
		{CA902CA5-40EA-4831-BE86-D976554ACF87}.AppStore|ARM.Build.0 = Release|Any CPU
		{CA902CA5-40EA-4831-BE86-D976554ACF87}.AppStore|ARM.Deploy.0 = Release|Any CPU
		{CA902CA5-40EA-4831-BE86-D976554ACF87}.AppStore|iPhone.ActiveCfg = Release|Any CPU
		{CA902CA5-40EA-4831-BE86-D976554ACF87}.AppStore|iPhone.Build.0 = Release|Any CPU
		{CA902CA5-40EA-4831-BE86-D976554ACF87}.AppStore|iPhone.Deploy.0 = Release|Any CPU
		{CA902CA5-40EA-4831-BE86-D976554ACF87}.AppStore|iPhoneSimulator.ActiveCfg = Release|Any CPU
		{CA902CA5-40EA-4831-BE86-D976554ACF87}.AppStore|iPhoneSimulator.Build.0 = Release|Any CPU
		{CA902CA5-40EA-4831-BE86-D976554ACF87}.AppStore|iPhoneSimulator.Deploy.0 = Release|Any CPU
		{CA902CA5-40EA-4831-BE86-D976554ACF87}.AppStore|x64.ActiveCfg = Release|Any CPU
		{CA902CA5-40EA-4831-BE86-D976554ACF87}.AppStore|x64.Build.0 = Release|Any CPU
		{CA902CA5-40EA-4831-BE86-D976554ACF87}.AppStore|x64.Deploy.0 = Release|Any CPU
		{CA902CA5-40EA-4831-BE86-D976554ACF87}.AppStore|x86.ActiveCfg = Release|Any CPU
		{CA902CA5-40EA-4831-BE86-D976554ACF87}.AppStore|x86.Build.0 = Release|Any CPU
		{CA902CA5-40EA-4831-BE86-D976554ACF87}.AppStore|x86.Deploy.0 = Release|Any CPU
		{CA902CA5-40EA-4831-BE86-D976554ACF87}.Debug|Any CPU.ActiveCfg = Debug|Any CPU
		{CA902CA5-40EA-4831-BE86-D976554ACF87}.Debug|Any CPU.Build.0 = Debug|Any CPU
		{CA902CA5-40EA-4831-BE86-D976554ACF87}.Debug|Any CPU.Deploy.0 = Debug|Any CPU
		{CA902CA5-40EA-4831-BE86-D976554ACF87}.Debug|ARM.ActiveCfg = Debug|Any CPU
		{CA902CA5-40EA-4831-BE86-D976554ACF87}.Debug|ARM.Build.0 = Debug|Any CPU
		{CA902CA5-40EA-4831-BE86-D976554ACF87}.Debug|ARM.Deploy.0 = Debug|Any CPU
		{CA902CA5-40EA-4831-BE86-D976554ACF87}.Debug|iPhone.ActiveCfg = Debug|Any CPU
		{CA902CA5-40EA-4831-BE86-D976554ACF87}.Debug|iPhone.Build.0 = Debug|Any CPU
		{CA902CA5-40EA-4831-BE86-D976554ACF87}.Debug|iPhone.Deploy.0 = Debug|Any CPU
		{CA902CA5-40EA-4831-BE86-D976554ACF87}.Debug|iPhoneSimulator.ActiveCfg = Debug|Any CPU
		{CA902CA5-40EA-4831-BE86-D976554ACF87}.Debug|iPhoneSimulator.Build.0 = Debug|Any CPU
		{CA902CA5-40EA-4831-BE86-D976554ACF87}.Debug|iPhoneSimulator.Deploy.0 = Debug|Any CPU
		{CA902CA5-40EA-4831-BE86-D976554ACF87}.Debug|x64.ActiveCfg = Debug|Any CPU
		{CA902CA5-40EA-4831-BE86-D976554ACF87}.Debug|x64.Build.0 = Debug|Any CPU
		{CA902CA5-40EA-4831-BE86-D976554ACF87}.Debug|x64.Deploy.0 = Debug|Any CPU
		{CA902CA5-40EA-4831-BE86-D976554ACF87}.Debug|x86.ActiveCfg = Debug|Any CPU
		{CA902CA5-40EA-4831-BE86-D976554ACF87}.Debug|x86.Build.0 = Debug|Any CPU
		{CA902CA5-40EA-4831-BE86-D976554ACF87}.Debug|x86.Deploy.0 = Debug|Any CPU
		{CA902CA5-40EA-4831-BE86-D976554ACF87}.Release|Any CPU.ActiveCfg = Release|Any CPU
		{CA902CA5-40EA-4831-BE86-D976554ACF87}.Release|Any CPU.Build.0 = Release|Any CPU
		{CA902CA5-40EA-4831-BE86-D976554ACF87}.Release|Any CPU.Deploy.0 = Release|Any CPU
		{CA902CA5-40EA-4831-BE86-D976554ACF87}.Release|ARM.ActiveCfg = Release|Any CPU
		{CA902CA5-40EA-4831-BE86-D976554ACF87}.Release|ARM.Build.0 = Release|Any CPU
		{CA902CA5-40EA-4831-BE86-D976554ACF87}.Release|ARM.Deploy.0 = Release|Any CPU
		{CA902CA5-40EA-4831-BE86-D976554ACF87}.Release|iPhone.ActiveCfg = Release|Any CPU
		{CA902CA5-40EA-4831-BE86-D976554ACF87}.Release|iPhone.Build.0 = Release|Any CPU
		{CA902CA5-40EA-4831-BE86-D976554ACF87}.Release|iPhone.Deploy.0 = Release|Any CPU
		{CA902CA5-40EA-4831-BE86-D976554ACF87}.Release|iPhoneSimulator.ActiveCfg = Release|Any CPU
		{CA902CA5-40EA-4831-BE86-D976554ACF87}.Release|iPhoneSimulator.Build.0 = Release|Any CPU
		{CA902CA5-40EA-4831-BE86-D976554ACF87}.Release|iPhoneSimulator.Deploy.0 = Release|Any CPU
		{CA902CA5-40EA-4831-BE86-D976554ACF87}.Release|x64.ActiveCfg = Release|Any CPU
		{CA902CA5-40EA-4831-BE86-D976554ACF87}.Release|x64.Build.0 = Release|Any CPU
		{CA902CA5-40EA-4831-BE86-D976554ACF87}.Release|x64.Deploy.0 = Release|Any CPU
		{CA902CA5-40EA-4831-BE86-D976554ACF87}.Release|x86.ActiveCfg = Release|Any CPU
		{CA902CA5-40EA-4831-BE86-D976554ACF87}.Release|x86.Build.0 = Release|Any CPU
		{CA902CA5-40EA-4831-BE86-D976554ACF87}.Release|x86.Deploy.0 = Release|Any CPU
		{D2BB2862-57A7-41A9-BE7F-DBB2B5046213}.Ad-Hoc|Any CPU.ActiveCfg = Ad-Hoc|iPhone
		{D2BB2862-57A7-41A9-BE7F-DBB2B5046213}.Ad-Hoc|ARM.ActiveCfg = Ad-Hoc|iPhone
		{D2BB2862-57A7-41A9-BE7F-DBB2B5046213}.Ad-Hoc|iPhone.ActiveCfg = Ad-Hoc|iPhone
		{D2BB2862-57A7-41A9-BE7F-DBB2B5046213}.Ad-Hoc|iPhone.Build.0 = Ad-Hoc|iPhone
		{D2BB2862-57A7-41A9-BE7F-DBB2B5046213}.Ad-Hoc|iPhoneSimulator.ActiveCfg = Ad-Hoc|iPhoneSimulator
		{D2BB2862-57A7-41A9-BE7F-DBB2B5046213}.Ad-Hoc|iPhoneSimulator.Build.0 = Ad-Hoc|iPhoneSimulator
		{D2BB2862-57A7-41A9-BE7F-DBB2B5046213}.Ad-Hoc|x64.ActiveCfg = Ad-Hoc|iPhone
		{D2BB2862-57A7-41A9-BE7F-DBB2B5046213}.Ad-Hoc|x86.ActiveCfg = Ad-Hoc|iPhone
		{D2BB2862-57A7-41A9-BE7F-DBB2B5046213}.AppStore|Any CPU.ActiveCfg = AppStore|iPhone
		{D2BB2862-57A7-41A9-BE7F-DBB2B5046213}.AppStore|ARM.ActiveCfg = AppStore|iPhone
		{D2BB2862-57A7-41A9-BE7F-DBB2B5046213}.AppStore|iPhone.ActiveCfg = AppStore|iPhone
		{D2BB2862-57A7-41A9-BE7F-DBB2B5046213}.AppStore|iPhone.Build.0 = AppStore|iPhone
		{D2BB2862-57A7-41A9-BE7F-DBB2B5046213}.AppStore|iPhoneSimulator.ActiveCfg = AppStore|iPhoneSimulator
		{D2BB2862-57A7-41A9-BE7F-DBB2B5046213}.AppStore|iPhoneSimulator.Build.0 = AppStore|iPhoneSimulator
		{D2BB2862-57A7-41A9-BE7F-DBB2B5046213}.AppStore|x64.ActiveCfg = AppStore|iPhone
		{D2BB2862-57A7-41A9-BE7F-DBB2B5046213}.AppStore|x86.ActiveCfg = AppStore|iPhone
		{D2BB2862-57A7-41A9-BE7F-DBB2B5046213}.Debug|Any CPU.ActiveCfg = Debug|iPhoneSimulator
		{D2BB2862-57A7-41A9-BE7F-DBB2B5046213}.Debug|ARM.ActiveCfg = Debug|iPhone
		{D2BB2862-57A7-41A9-BE7F-DBB2B5046213}.Debug|iPhone.ActiveCfg = Debug|iPhone
		{D2BB2862-57A7-41A9-BE7F-DBB2B5046213}.Debug|iPhone.Build.0 = Debug|iPhone
		{D2BB2862-57A7-41A9-BE7F-DBB2B5046213}.Debug|iPhoneSimulator.ActiveCfg = Debug|iPhoneSimulator
		{D2BB2862-57A7-41A9-BE7F-DBB2B5046213}.Debug|iPhoneSimulator.Build.0 = Debug|iPhoneSimulator
		{D2BB2862-57A7-41A9-BE7F-DBB2B5046213}.Debug|x64.ActiveCfg = Debug|iPhone
		{D2BB2862-57A7-41A9-BE7F-DBB2B5046213}.Debug|x86.ActiveCfg = Debug|iPhone
		{D2BB2862-57A7-41A9-BE7F-DBB2B5046213}.Release|Any CPU.ActiveCfg = Release|iPhone
		{D2BB2862-57A7-41A9-BE7F-DBB2B5046213}.Release|ARM.ActiveCfg = Release|iPhone
		{D2BB2862-57A7-41A9-BE7F-DBB2B5046213}.Release|iPhone.ActiveCfg = Release|iPhone
		{D2BB2862-57A7-41A9-BE7F-DBB2B5046213}.Release|iPhone.Build.0 = Release|iPhone
		{D2BB2862-57A7-41A9-BE7F-DBB2B5046213}.Release|iPhoneSimulator.ActiveCfg = Release|iPhoneSimulator
		{D2BB2862-57A7-41A9-BE7F-DBB2B5046213}.Release|iPhoneSimulator.Build.0 = Release|iPhoneSimulator
		{D2BB2862-57A7-41A9-BE7F-DBB2B5046213}.Release|x64.ActiveCfg = Release|iPhone
		{D2BB2862-57A7-41A9-BE7F-DBB2B5046213}.Release|x86.ActiveCfg = Release|iPhone
		{685BFC7E-1135-4CE9-A1C5-848DC7E3508F}.Ad-Hoc|Any CPU.ActiveCfg = Release|x86
		{685BFC7E-1135-4CE9-A1C5-848DC7E3508F}.Ad-Hoc|Any CPU.Build.0 = Release|x86
		{685BFC7E-1135-4CE9-A1C5-848DC7E3508F}.Ad-Hoc|Any CPU.Deploy.0 = Release|x86
		{685BFC7E-1135-4CE9-A1C5-848DC7E3508F}.Ad-Hoc|ARM.ActiveCfg = Release|ARM
		{685BFC7E-1135-4CE9-A1C5-848DC7E3508F}.Ad-Hoc|ARM.Build.0 = Release|ARM
		{685BFC7E-1135-4CE9-A1C5-848DC7E3508F}.Ad-Hoc|ARM.Deploy.0 = Release|ARM
		{685BFC7E-1135-4CE9-A1C5-848DC7E3508F}.Ad-Hoc|iPhone.ActiveCfg = Release|x86
		{685BFC7E-1135-4CE9-A1C5-848DC7E3508F}.Ad-Hoc|iPhone.Build.0 = Release|x86
		{685BFC7E-1135-4CE9-A1C5-848DC7E3508F}.Ad-Hoc|iPhone.Deploy.0 = Release|x86
		{685BFC7E-1135-4CE9-A1C5-848DC7E3508F}.Ad-Hoc|iPhoneSimulator.ActiveCfg = Release|x86
		{685BFC7E-1135-4CE9-A1C5-848DC7E3508F}.Ad-Hoc|iPhoneSimulator.Build.0 = Release|x86
		{685BFC7E-1135-4CE9-A1C5-848DC7E3508F}.Ad-Hoc|iPhoneSimulator.Deploy.0 = Release|x86
		{685BFC7E-1135-4CE9-A1C5-848DC7E3508F}.Ad-Hoc|x64.ActiveCfg = Release|x64
		{685BFC7E-1135-4CE9-A1C5-848DC7E3508F}.Ad-Hoc|x64.Build.0 = Release|x64
		{685BFC7E-1135-4CE9-A1C5-848DC7E3508F}.Ad-Hoc|x64.Deploy.0 = Release|x64
		{685BFC7E-1135-4CE9-A1C5-848DC7E3508F}.Ad-Hoc|x86.ActiveCfg = Release|x86
		{685BFC7E-1135-4CE9-A1C5-848DC7E3508F}.Ad-Hoc|x86.Build.0 = Release|x86
		{685BFC7E-1135-4CE9-A1C5-848DC7E3508F}.Ad-Hoc|x86.Deploy.0 = Release|x86
		{685BFC7E-1135-4CE9-A1C5-848DC7E3508F}.AppStore|Any CPU.ActiveCfg = Release|x86
		{685BFC7E-1135-4CE9-A1C5-848DC7E3508F}.AppStore|Any CPU.Build.0 = Release|x86
		{685BFC7E-1135-4CE9-A1C5-848DC7E3508F}.AppStore|Any CPU.Deploy.0 = Release|x86
		{685BFC7E-1135-4CE9-A1C5-848DC7E3508F}.AppStore|ARM.ActiveCfg = Release|ARM
		{685BFC7E-1135-4CE9-A1C5-848DC7E3508F}.AppStore|ARM.Build.0 = Release|ARM
		{685BFC7E-1135-4CE9-A1C5-848DC7E3508F}.AppStore|ARM.Deploy.0 = Release|ARM
		{685BFC7E-1135-4CE9-A1C5-848DC7E3508F}.AppStore|iPhone.ActiveCfg = Release|x86
		{685BFC7E-1135-4CE9-A1C5-848DC7E3508F}.AppStore|iPhone.Build.0 = Release|x86
		{685BFC7E-1135-4CE9-A1C5-848DC7E3508F}.AppStore|iPhone.Deploy.0 = Release|x86
		{685BFC7E-1135-4CE9-A1C5-848DC7E3508F}.AppStore|iPhoneSimulator.ActiveCfg = Release|x86
		{685BFC7E-1135-4CE9-A1C5-848DC7E3508F}.AppStore|iPhoneSimulator.Build.0 = Release|x86
		{685BFC7E-1135-4CE9-A1C5-848DC7E3508F}.AppStore|iPhoneSimulator.Deploy.0 = Release|x86
		{685BFC7E-1135-4CE9-A1C5-848DC7E3508F}.AppStore|x64.ActiveCfg = Release|x64
		{685BFC7E-1135-4CE9-A1C5-848DC7E3508F}.AppStore|x64.Build.0 = Release|x64
		{685BFC7E-1135-4CE9-A1C5-848DC7E3508F}.AppStore|x64.Deploy.0 = Release|x64
		{685BFC7E-1135-4CE9-A1C5-848DC7E3508F}.AppStore|x86.ActiveCfg = Release|x86
		{685BFC7E-1135-4CE9-A1C5-848DC7E3508F}.AppStore|x86.Build.0 = Release|x86
		{685BFC7E-1135-4CE9-A1C5-848DC7E3508F}.AppStore|x86.Deploy.0 = Release|x86
		{685BFC7E-1135-4CE9-A1C5-848DC7E3508F}.Debug|Any CPU.ActiveCfg = Debug|x86
		{685BFC7E-1135-4CE9-A1C5-848DC7E3508F}.Debug|Any CPU.Build.0 = Debug|x86
		{685BFC7E-1135-4CE9-A1C5-848DC7E3508F}.Debug|ARM.ActiveCfg = Debug|ARM
		{685BFC7E-1135-4CE9-A1C5-848DC7E3508F}.Debug|ARM.Build.0 = Debug|ARM
		{685BFC7E-1135-4CE9-A1C5-848DC7E3508F}.Debug|ARM.Deploy.0 = Debug|ARM
		{685BFC7E-1135-4CE9-A1C5-848DC7E3508F}.Debug|iPhone.ActiveCfg = Debug|x86
		{685BFC7E-1135-4CE9-A1C5-848DC7E3508F}.Debug|iPhoneSimulator.ActiveCfg = Debug|x86
		{685BFC7E-1135-4CE9-A1C5-848DC7E3508F}.Debug|x64.ActiveCfg = Debug|x64
		{685BFC7E-1135-4CE9-A1C5-848DC7E3508F}.Debug|x64.Build.0 = Debug|x64
		{685BFC7E-1135-4CE9-A1C5-848DC7E3508F}.Debug|x64.Deploy.0 = Debug|x64
		{685BFC7E-1135-4CE9-A1C5-848DC7E3508F}.Debug|x86.ActiveCfg = Debug|x86
		{685BFC7E-1135-4CE9-A1C5-848DC7E3508F}.Debug|x86.Build.0 = Debug|x86
		{685BFC7E-1135-4CE9-A1C5-848DC7E3508F}.Debug|x86.Deploy.0 = Debug|x86
		{685BFC7E-1135-4CE9-A1C5-848DC7E3508F}.Release|Any CPU.ActiveCfg = Release|x86
		{685BFC7E-1135-4CE9-A1C5-848DC7E3508F}.Release|ARM.ActiveCfg = Release|ARM
		{685BFC7E-1135-4CE9-A1C5-848DC7E3508F}.Release|ARM.Build.0 = Release|ARM
		{685BFC7E-1135-4CE9-A1C5-848DC7E3508F}.Release|ARM.Deploy.0 = Release|ARM
		{685BFC7E-1135-4CE9-A1C5-848DC7E3508F}.Release|iPhone.ActiveCfg = Release|x86
		{685BFC7E-1135-4CE9-A1C5-848DC7E3508F}.Release|iPhoneSimulator.ActiveCfg = Release|x86
		{685BFC7E-1135-4CE9-A1C5-848DC7E3508F}.Release|x64.ActiveCfg = Release|x64
		{685BFC7E-1135-4CE9-A1C5-848DC7E3508F}.Release|x64.Build.0 = Release|x64
		{685BFC7E-1135-4CE9-A1C5-848DC7E3508F}.Release|x64.Deploy.0 = Release|x64
		{685BFC7E-1135-4CE9-A1C5-848DC7E3508F}.Release|x86.ActiveCfg = Release|x86
		{685BFC7E-1135-4CE9-A1C5-848DC7E3508F}.Release|x86.Build.0 = Release|x86
		{685BFC7E-1135-4CE9-A1C5-848DC7E3508F}.Release|x86.Deploy.0 = Release|x86
		{CD3923BA-5FF4-4B5B-AEDF-CEF6AF1A450B}.Ad-Hoc|Any CPU.ActiveCfg = Debug|Any CPU
		{CD3923BA-5FF4-4B5B-AEDF-CEF6AF1A450B}.Ad-Hoc|Any CPU.Build.0 = Debug|Any CPU
		{CD3923BA-5FF4-4B5B-AEDF-CEF6AF1A450B}.Ad-Hoc|ARM.ActiveCfg = Debug|Any CPU
		{CD3923BA-5FF4-4B5B-AEDF-CEF6AF1A450B}.Ad-Hoc|ARM.Build.0 = Debug|Any CPU
		{CD3923BA-5FF4-4B5B-AEDF-CEF6AF1A450B}.Ad-Hoc|iPhone.ActiveCfg = Debug|Any CPU
		{CD3923BA-5FF4-4B5B-AEDF-CEF6AF1A450B}.Ad-Hoc|iPhone.Build.0 = Debug|Any CPU
		{CD3923BA-5FF4-4B5B-AEDF-CEF6AF1A450B}.Ad-Hoc|iPhoneSimulator.ActiveCfg = Debug|Any CPU
		{CD3923BA-5FF4-4B5B-AEDF-CEF6AF1A450B}.Ad-Hoc|iPhoneSimulator.Build.0 = Debug|Any CPU
		{CD3923BA-5FF4-4B5B-AEDF-CEF6AF1A450B}.Ad-Hoc|x64.ActiveCfg = Debug|Any CPU
		{CD3923BA-5FF4-4B5B-AEDF-CEF6AF1A450B}.Ad-Hoc|x64.Build.0 = Debug|Any CPU
		{CD3923BA-5FF4-4B5B-AEDF-CEF6AF1A450B}.Ad-Hoc|x86.ActiveCfg = Debug|Any CPU
		{CD3923BA-5FF4-4B5B-AEDF-CEF6AF1A450B}.Ad-Hoc|x86.Build.0 = Debug|Any CPU
		{CD3923BA-5FF4-4B5B-AEDF-CEF6AF1A450B}.AppStore|Any CPU.ActiveCfg = Debug|Any CPU
		{CD3923BA-5FF4-4B5B-AEDF-CEF6AF1A450B}.AppStore|Any CPU.Build.0 = Debug|Any CPU
		{CD3923BA-5FF4-4B5B-AEDF-CEF6AF1A450B}.AppStore|ARM.ActiveCfg = Debug|Any CPU
		{CD3923BA-5FF4-4B5B-AEDF-CEF6AF1A450B}.AppStore|ARM.Build.0 = Debug|Any CPU
		{CD3923BA-5FF4-4B5B-AEDF-CEF6AF1A450B}.AppStore|iPhone.ActiveCfg = Debug|Any CPU
		{CD3923BA-5FF4-4B5B-AEDF-CEF6AF1A450B}.AppStore|iPhone.Build.0 = Debug|Any CPU
		{CD3923BA-5FF4-4B5B-AEDF-CEF6AF1A450B}.AppStore|iPhoneSimulator.ActiveCfg = Debug|Any CPU
		{CD3923BA-5FF4-4B5B-AEDF-CEF6AF1A450B}.AppStore|iPhoneSimulator.Build.0 = Debug|Any CPU
		{CD3923BA-5FF4-4B5B-AEDF-CEF6AF1A450B}.AppStore|x64.ActiveCfg = Debug|Any CPU
		{CD3923BA-5FF4-4B5B-AEDF-CEF6AF1A450B}.AppStore|x64.Build.0 = Debug|Any CPU
		{CD3923BA-5FF4-4B5B-AEDF-CEF6AF1A450B}.AppStore|x86.ActiveCfg = Debug|Any CPU
		{CD3923BA-5FF4-4B5B-AEDF-CEF6AF1A450B}.AppStore|x86.Build.0 = Debug|Any CPU
		{CD3923BA-5FF4-4B5B-AEDF-CEF6AF1A450B}.Debug|Any CPU.ActiveCfg = Debug|Any CPU
		{CD3923BA-5FF4-4B5B-AEDF-CEF6AF1A450B}.Debug|Any CPU.Build.0 = Debug|Any CPU
		{CD3923BA-5FF4-4B5B-AEDF-CEF6AF1A450B}.Debug|ARM.ActiveCfg = Debug|Any CPU
		{CD3923BA-5FF4-4B5B-AEDF-CEF6AF1A450B}.Debug|ARM.Build.0 = Debug|Any CPU
		{CD3923BA-5FF4-4B5B-AEDF-CEF6AF1A450B}.Debug|iPhone.ActiveCfg = Debug|Any CPU
		{CD3923BA-5FF4-4B5B-AEDF-CEF6AF1A450B}.Debug|iPhone.Build.0 = Debug|Any CPU
		{CD3923BA-5FF4-4B5B-AEDF-CEF6AF1A450B}.Debug|iPhoneSimulator.ActiveCfg = Debug|Any CPU
		{CD3923BA-5FF4-4B5B-AEDF-CEF6AF1A450B}.Debug|iPhoneSimulator.Build.0 = Debug|Any CPU
		{CD3923BA-5FF4-4B5B-AEDF-CEF6AF1A450B}.Debug|x64.ActiveCfg = Debug|Any CPU
		{CD3923BA-5FF4-4B5B-AEDF-CEF6AF1A450B}.Debug|x64.Build.0 = Debug|Any CPU
		{CD3923BA-5FF4-4B5B-AEDF-CEF6AF1A450B}.Debug|x86.ActiveCfg = Debug|Any CPU
		{CD3923BA-5FF4-4B5B-AEDF-CEF6AF1A450B}.Debug|x86.Build.0 = Debug|Any CPU
		{CD3923BA-5FF4-4B5B-AEDF-CEF6AF1A450B}.Release|Any CPU.ActiveCfg = Release|Any CPU
		{CD3923BA-5FF4-4B5B-AEDF-CEF6AF1A450B}.Release|Any CPU.Build.0 = Release|Any CPU
		{CD3923BA-5FF4-4B5B-AEDF-CEF6AF1A450B}.Release|ARM.ActiveCfg = Release|Any CPU
		{CD3923BA-5FF4-4B5B-AEDF-CEF6AF1A450B}.Release|ARM.Build.0 = Release|Any CPU
		{CD3923BA-5FF4-4B5B-AEDF-CEF6AF1A450B}.Release|iPhone.ActiveCfg = Release|Any CPU
		{CD3923BA-5FF4-4B5B-AEDF-CEF6AF1A450B}.Release|iPhone.Build.0 = Release|Any CPU
		{CD3923BA-5FF4-4B5B-AEDF-CEF6AF1A450B}.Release|iPhoneSimulator.ActiveCfg = Release|Any CPU
		{CD3923BA-5FF4-4B5B-AEDF-CEF6AF1A450B}.Release|iPhoneSimulator.Build.0 = Release|Any CPU
		{CD3923BA-5FF4-4B5B-AEDF-CEF6AF1A450B}.Release|x64.ActiveCfg = Release|Any CPU
		{CD3923BA-5FF4-4B5B-AEDF-CEF6AF1A450B}.Release|x64.Build.0 = Release|Any CPU
		{CD3923BA-5FF4-4B5B-AEDF-CEF6AF1A450B}.Release|x86.ActiveCfg = Release|Any CPU
		{CD3923BA-5FF4-4B5B-AEDF-CEF6AF1A450B}.Release|x86.Build.0 = Release|Any CPU
	EndGlobalSection
	GlobalSection(SolutionProperties) = preSolution
		HideSolutionNode = FALSE
	EndGlobalSection
	GlobalSection(ExtensibilityGlobals) = postSolution
		SolutionGuid = {8BE22E63-D0CB-42B1-B580-C10D80D89B04}
	EndGlobalSection
EndGlobal
